{
  "name": "aws-ses",
  "version": "1.0.0",
  "lockfileVersion": 2,
  "requires": true,
  "packages": {
    "": {
      "version": "1.0.0",
      "license": "VOL",
      "dependencies": {
        "form-urlencoded": "^6.0.4",
        "sign-aws-requests": "^1.0.1"
      },
      "devDependencies": {
        "httpie": "^1.1.2"
      }
    },
    "node_modules/form-urlencoded": {
      "version": "6.0.4",
      "resolved": "https://registry.npmjs.org/form-urlencoded/-/form-urlencoded-6.0.4.tgz",
      "integrity": "sha512-39GnqmnZkThJBXiKhBCrBGPKiwFHDgi3lcGO3SfURjXoz9x8quxNRTiIWViYN+QzQXxxl/uyKm+i+0PCj7Aqbw=="
    },
    "node_modules/httpie": {
      "version": "1.1.2",
      "resolved": "https://registry.npmjs.org/httpie/-/httpie-1.1.2.tgz",
      "integrity": "sha512-VQ82oXG95oY1fQw/XecHuvcFBA+lZQ9Vwj1RfLcO8a7HpDd4cc2ukwpJt+TUlFaLUAzZErylxWu6wclJ1rUhUQ==",
      "dev": true,
      "engines": {
        "node": ">=8"
      }
    },
    "node_modules/sign-aws-requests": {
      "version": "1.0.1",
      "resolved": "https://registry.npmjs.org/sign-aws-requests/-/sign-aws-requests-1.0.1.tgz",
      "integrity": "sha512-ncnhlIKzry2rnSA5J5dUfQ8zdVHzMm+u161jxnJNTtbCeEU3gMN15maF3rNEguvaeZTz2ZdWpyThfHdjoAQiAg==",
      "engines": {
        "node": ">= 10"
      }
    }
  },
  "dependencies": {
    "form-urlencoded": {
      "version": "6.0.4",
      "resolved": "https://registry.npmjs.org/form-urlencoded/-/form-urlencoded-6.0.4.tgz",
      "integrity": "sha512-39GnqmnZkThJBXiKhBCrBGPKiwFHDgi3lcGO3SfURjXoz9x8quxNRTiIWViYN+QzQXxxl/uyKm+i+0PCj7Aqbw=="
    },
    "httpie": {
      "version": "1.1.2",
      "resolved": "https://registry.npmjs.org/httpie/-/httpie-1.1.2.tgz",
      "integrity": "sha512-VQ82oXG95oY1fQw/XecHuvcFBA+lZQ9Vwj1RfLcO8a7HpDd4cc2ukwpJt+TUlFaLUAzZErylxWu6wclJ1rUhUQ==",
      "dev": true
    },
    "sign-aws-requests": {
      "version": "1.0.1",
      "resolved": "https://registry.npmjs.org/sign-aws-requests/-/sign-aws-requests-1.0.1.tgz",
      "integrity": "sha512-ncnhlIKzry2rnSA5J5dUfQ8zdVHzMm+u161jxnJNTtbCeEU3gMN15maF3rNEguvaeZTz2ZdWpyThfHdjoAQiAg=="
    }
  }
}
